// !$*UTF8*$!
{
	archiveVersion = 1;
	classes = {
	};
	objectVersion = 50;
	objects = {

/* Begin PBXBuildFile section */
		6D036F70DB053758524B7069 /* libPods-MBProgress+XL.a in Frameworks */ = {isa = PBXBuildFile; fileRef = 854892CE4E2E9E4AE547F5A0 /* libPods-MBProgress+XL.a */; };
		7EB1FCB27F226C7AB00879C0 /* libPods-MBProgress+XLTests.a in Frameworks */ = {isa = PBXBuildFile; fileRef = 6B530260F5105B2D2D1921E5 /* libPods-MBProgress+XLTests.a */; };
		8954BCF920BD00F3007204D6 /* AppDelegate.m in Sources */ = {isa = PBXBuildFile; fileRef = 8954BCF820BD00F3007204D6 /* AppDelegate.m */; };
		8954BCFC20BD00F3007204D6 /* ViewController.m in Sources */ = {isa = PBXBuildFile; fileRef = 8954BCFB20BD00F3007204D6 /* ViewController.m */; };
		8954BCFF20BD00F3007204D6 /* Main.storyboard in Resources */ = {isa = PBXBuildFile; fileRef = 8954BCFD20BD00F3007204D6 /* Main.storyboard */; };
		8954BD0120BD00F4007204D6 /* Assets.xcassets in Resources */ = {isa = PBXBuildFile; fileRef = 8954BD0020BD00F4007204D6 /* Assets.xcassets */; };
		8954BD0420BD00F4007204D6 /* LaunchScreen.storyboard in Resources */ = {isa = PBXBuildFile; fileRef = 8954BD0220BD00F4007204D6 /* LaunchScreen.storyboard */; };
		8954BD0720BD00F4007204D6 /* main.m in Sources */ = {isa = PBXBuildFile; fileRef = 8954BD0620BD00F4007204D6 /* main.m */; };
		8954BD1120BD00F4007204D6 /* MBProgress_XLTests.m in Sources */ = {isa = PBXBuildFile; fileRef = 8954BD1020BD00F4007204D6 /* MBProgress_XLTests.m */; };
		8954BD1C20BD00F4007204D6 /* MBProgress_XLUITests.m in Sources */ = {isa = PBXBuildFile; fileRef = 8954BD1B20BD00F4007204D6 /* MBProgress_XLUITests.m */; };
		8954BD2B20BD030D007204D6 /* XLMBToast.m in Sources */ = {isa = PBXBuildFile; fileRef = 8954BD2A20BD030D007204D6 /* XLMBToast.m */; };
		8954BD2E20BD0325007204D6 /* XLToast.m in Sources */ = {isa = PBXBuildFile; fileRef = 8954BD2D20BD0325007204D6 /* XLToast.m */; };
		8954BD3120BD05D3007204D6 /* MBProgressHUD+XL.m in Sources */ = {isa = PBXBuildFile; fileRef = 8954BD3020BD05D3007204D6 /* MBProgressHUD+XL.m */; };
		DB0C9D22DC1FA350BD93637C /* libPods-MBProgress+XLUITests.a in Frameworks */ = {isa = PBXBuildFile; fileRef = C6FC3351A66F8566195DC543 /* libPods-MBProgress+XLUITests.a */; };
/* End PBXBuildFile section */

/* Begin PBXContainerItemProxy section */
		8954BD0D20BD00F4007204D6 /* PBXContainerItemProxy */ = {
			isa = PBXContainerItemProxy;
			containerPortal = 8954BCEC20BD00F3007204D6 /* Project object */;
			proxyType = 1;
			remoteGlobalIDString = 8954BCF320BD00F3007204D6;
			remoteInfo = "MBProgress+XL";
		};
		8954BD1820BD00F4007204D6 /* PBXContainerItemProxy */ = {
			isa = PBXContainerItemProxy;
			containerPortal = 8954BCEC20BD00F3007204D6 /* Project object */;
			proxyType = 1;
			remoteGlobalIDString = 8954BCF320BD00F3007204D6;
			remoteInfo = "MBProgress+XL";
		};
/* End PBXContainerItemProxy section */

/* Begin PBXFileReference section */
		0F6DFEED24151B8548EF4699 /* Pods-MBProgress+XLTests.debug.xcconfig */ = {isa = PBXFileReference; includeInIndex = 1; lastKnownFileType = text.xcconfig; name = "Pods-MBProgress+XLTests.debug.xcconfig"; path = "Pods/Target Support Files/Pods-MBProgress+XLTests/Pods-MBProgress+XLTests.debug.xcconfig"; sourceTree = "<group>"; };
		2D87689860F6881E48EE2037 /* Pods-MBProgress+XLUITests.release.xcconfig */ = {isa = PBXFileReference; includeInIndex = 1; lastKnownFileType = text.xcconfig; name = "Pods-MBProgress+XLUITests.release.xcconfig"; path = "Pods/Target Support Files/Pods-MBProgress+XLUITests/Pods-MBProgress+XLUITests.release.xcconfig"; sourceTree = "<group>"; };
		4E7E89D6BF763ABF85DD61C0 /* Pods-MBProgress+XL.debug.xcconfig */ = {isa = PBXFileReference; includeInIndex = 1; lastKnownFileType = text.xcconfig; name = "Pods-MBProgress+XL.debug.xcconfig"; path = "Pods/Target Support Files/Pods-MBProgress+XL/Pods-MBProgress+XL.debug.xcconfig"; sourceTree = "<group>"; };
		6205E256055C1ACB1E03CC3A /* Pods-MBProgress+XLTests.release.xcconfig */ = {isa = PBXFileReference; includeInIndex = 1; lastKnownFileType = text.xcconfig; name = "Pods-MBProgress+XLTests.release.xcconfig"; path = "Pods/Target Support Files/Pods-MBProgress+XLTests/Pods-MBProgress+XLTests.release.xcconfig"; sourceTree = "<group>"; };
		6B530260F5105B2D2D1921E5 /* libPods-MBProgress+XLTests.a */ = {isa = PBXFileReference; explicitFileType = archive.ar; includeInIndex = 0; path = "libPods-MBProgress+XLTests.a"; sourceTree = BUILT_PRODUCTS_DIR; };
		854892CE4E2E9E4AE547F5A0 /* libPods-MBProgress+XL.a */ = {isa = PBXFileReference; explicitFileType = archive.ar; includeInIndex = 0; path = "libPods-MBProgress+XL.a"; sourceTree = BUILT_PRODUCTS_DIR; };
		8954BCF420BD00F3007204D6 /* MBProgress+XL.app */ = {isa = PBXFileReference; explicitFileType = wrapper.application; includeInIndex = 0; path = "MBProgress+XL.app"; sourceTree = BUILT_PRODUCTS_DIR; };
		8954BCF720BD00F3007204D6 /* AppDelegate.h */ = {isa = PBXFileReference; lastKnownFileType = sourcecode.c.h; path = AppDelegate.h; sourceTree = "<group>"; };
		8954BCF820BD00F3007204D6 /* AppDelegate.m */ = {isa = PBXFileReference; lastKnownFileType = sourcecode.c.objc; path = AppDelegate.m; sourceTree = "<group>"; };
		8954BCFA20BD00F3007204D6 /* ViewController.h */ = {isa = PBXFileReference; lastKnownFileType = sourcecode.c.h; path = ViewController.h; sourceTree = "<group>"; };
		8954BCFB20BD00F3007204D6 /* ViewController.m */ = {isa = PBXFileReference; lastKnownFileType = sourcecode.c.objc; path = ViewController.m; sourceTree = "<group>"; };
		8954BCFE20BD00F3007204D6 /* Base */ = {isa = PBXFileReference; lastKnownFileType = file.storyboard; name = Base; path = Base.lproj/Main.storyboard; sourceTree = "<group>"; };
		8954BD0020BD00F4007204D6 /* Assets.xcassets */ = {isa = PBXFileReference; lastKnownFileType = folder.assetcatalog; path = Assets.xcassets; sourceTree = "<group>"; };
		8954BD0320BD00F4007204D6 /* Base */ = {isa = PBXFileReference; lastKnownFileType = file.storyboard; name = Base; path = Base.lproj/LaunchScreen.storyboard; sourceTree = "<group>"; };
		8954BD0520BD00F4007204D6 /* Info.plist */ = {isa = PBXFileReference; lastKnownFileType = text.plist.xml; path = Info.plist; sourceTree = "<group>"; };
		8954BD0620BD00F4007204D6 /* main.m */ = {isa = PBXFileReference; lastKnownFileType = sourcecode.c.objc; path = main.m; sourceTree = "<group>"; };
		8954BD0C20BD00F4007204D6 /* MBProgress+XLTests.xctest */ = {isa = PBXFileReference; explicitFileType = wrapper.cfbundle; includeInIndex = 0; path = "MBProgress+XLTests.xctest"; sourceTree = BUILT_PRODUCTS_DIR; };
		8954BD1020BD00F4007204D6 /* MBProgress_XLTests.m */ = {isa = PBXFileReference; lastKnownFileType = sourcecode.c.objc; path = MBProgress_XLTests.m; sourceTree = "<group>"; };
		8954BD1220BD00F4007204D6 /* Info.plist */ = {isa = PBXFileReference; lastKnownFileType = text.plist.xml; path = Info.plist; sourceTree = "<group>"; };
		8954BD1720BD00F4007204D6 /* MBProgress+XLUITests.xctest */ = {isa = PBXFileReference; explicitFileType = wrapper.cfbundle; includeInIndex = 0; path = "MBProgress+XLUITests.xctest"; sourceTree = BUILT_PRODUCTS_DIR; };
		8954BD1B20BD00F4007204D6 /* MBProgress_XLUITests.m */ = {isa = PBXFileReference; lastKnownFileType = sourcecode.c.objc; path = MBProgress_XLUITests.m; sourceTree = "<group>"; };
		8954BD1D20BD00F4007204D6 /* Info.plist */ = {isa = PBXFileReference; lastKnownFileType = text.plist.xml; path = Info.plist; sourceTree = "<group>"; };
		8954BD2920BD030D007204D6 /* XLMBToast.h */ = {isa = PBXFileReference; lastKnownFileType = sourcecode.c.h; path = XLMBToast.h; sourceTree = "<group>"; };
		8954BD2A20BD030D007204D6 /* XLMBToast.m */ = {isa = PBXFileReference; lastKnownFileType = sourcecode.c.objc; path = XLMBToast.m; sourceTree = "<group>"; };
		8954BD2C20BD0325007204D6 /* XLToast.h */ = {isa = PBXFileReference; lastKnownFileType = sourcecode.c.h; path = XLToast.h; sourceTree = "<group>"; };
		8954BD2D20BD0325007204D6 /* XLToast.m */ = {isa = PBXFileReference; lastKnownFileType = sourcecode.c.objc; path = XLToast.m; sourceTree = "<group>"; };
		8954BD2F20BD05D3007204D6 /* MBProgressHUD+XL.h */ = {isa = PBXFileReference; lastKnownFileType = sourcecode.c.h; path = "MBProgressHUD+XL.h"; sourceTree = "<group>"; };
		8954BD3020BD05D3007204D6 /* MBProgressHUD+XL.m */ = {isa = PBXFileReference; lastKnownFileType = sourcecode.c.objc; path = "MBProgressHUD+XL.m"; sourceTree = "<group>"; };
		B6F06074B2A7EBB255968C8A /* Pods-MBProgress+XLUITests.debug.xcconfig */ = {isa = PBXFileReference; includeInIndex = 1; lastKnownFileType = text.xcconfig; name = "Pods-MBProgress+XLUITests.debug.xcconfig"; path = "Pods/Target Support Files/Pods-MBProgress+XLUITests/Pods-MBProgress+XLUITests.debug.xcconfig"; sourceTree = "<group>"; };
		C6FC3351A66F8566195DC543 /* libPods-MBProgress+XLUITests.a */ = {isa = PBXFileReference; explicitFileType = archive.ar; includeInIndex = 0; path = "libPods-MBProgress+XLUITests.a"; sourceTree = BUILT_PRODUCTS_DIR; };
		FEA5884FB5CAD4D600226493 /* Pods-MBProgress+XL.release.xcconfig */ = {isa = PBXFileReference; includeInIndex = 1; lastKnownFileType = text.xcconfig; name = "Pods-MBProgress+XL.release.xcconfig"; path = "Pods/Target Support Files/Pods-MBProgress+XL/Pods-MBProgress+XL.release.xcconfig"; sourceTree = "<group>"; };
/* End PBXFileReference section */

/* Begin PBXFrameworksBuildPhase section */
		8954BCF120BD00F3007204D6 /* Frameworks */ = {
			isa = PBXFrameworksBuildPhase;
			buildActionMask = 2147483647;
			files = (
				6D036F70DB053758524B7069 /* libPods-MBProgress+XL.a in Frameworks */,
			);
			runOnlyForDeploymentPostprocessing = 0;
		};
		8954BD0920BD00F4007204D6 /* Frameworks */ = {
			isa = PBXFrameworksBuildPhase;
			buildActionMask = 2147483647;
			files = (
				7EB1FCB27F226C7AB00879C0 /* libPods-MBProgress+XLTests.a in Frameworks */,
			);
			runOnlyForDeploymentPostprocessing = 0;
		};
		8954BD1420BD00F4007204D6 /* Frameworks */ = {
			isa = PBXFrameworksBuildPhase;
			buildActionMask = 2147483647;
			files = (
				DB0C9D22DC1FA350BD93637C /* libPods-MBProgress+XLUITests.a in Frameworks */,
			);
			runOnlyForDeploymentPostprocessing = 0;
		};
/* End PBXFrameworksBuildPhase section */

/* Begin PBXGroup section */
		6A44B7653235FCF11ECF3765 /* Pods */ = {
			isa = PBXGroup;
			children = (
				4E7E89D6BF763ABF85DD61C0 /* Pods-MBProgress+XL.debug.xcconfig */,
				FEA5884FB5CAD4D600226493 /* Pods-MBProgress+XL.release.xcconfig */,
				0F6DFEED24151B8548EF4699 /* Pods-MBProgress+XLTests.debug.xcconfig */,
				6205E256055C1ACB1E03CC3A /* Pods-MBProgress+XLTests.release.xcconfig */,
				B6F06074B2A7EBB255968C8A /* Pods-MBProgress+XLUITests.debug.xcconfig */,
				2D87689860F6881E48EE2037 /* Pods-MBProgress+XLUITests.release.xcconfig */,
			);
			name = Pods;
			sourceTree = "<group>";
		};
		8954BCEB20BD00F3007204D6 = {
			isa = PBXGroup;
			children = (
				8954BCF620BD00F3007204D6 /* MBProgress+XL */,
				8954BD0F20BD00F4007204D6 /* MBProgress+XLTests */,
				8954BD1A20BD00F4007204D6 /* MBProgress+XLUITests */,
				8954BCF520BD00F3007204D6 /* Products */,
				6A44B7653235FCF11ECF3765 /* Pods */,
				EC4847FBA6E3C9BE087CFF28 /* Frameworks */,
			);
			sourceTree = "<group>";
		};
		8954BCF520BD00F3007204D6 /* Products */ = {
			isa = PBXGroup;
			children = (
				8954BCF420BD00F3007204D6 /* MBProgress+XL.app */,
				8954BD0C20BD00F4007204D6 /* MBProgress+XLTests.xctest */,
				8954BD1720BD00F4007204D6 /* MBProgress+XLUITests.xctest */,
			);
			name = Products;
			sourceTree = "<group>";
		};
		8954BCF620BD00F3007204D6 /* MBProgress+XL */ = {
			isa = PBXGroup;
			children = (
				8954BCF720BD00F3007204D6 /* AppDelegate.h */,
				8954BCF820BD00F3007204D6 /* AppDelegate.m */,
				8954BCFA20BD00F3007204D6 /* ViewController.h */,
				8954BCFB20BD00F3007204D6 /* ViewController.m */,
				8954BD2F20BD05D3007204D6 /* MBProgressHUD+XL.h */,
				8954BD3020BD05D3007204D6 /* MBProgressHUD+XL.m */,
				8954BD2C20BD0325007204D6 /* XLToast.h */,
				8954BD2D20BD0325007204D6 /* XLToast.m */,
				8954BD2920BD030D007204D6 /* XLMBToast.h */,
				8954BD2A20BD030D007204D6 /* XLMBToast.m */,
				8954BCFD20BD00F3007204D6 /* Main.storyboard */,
				8954BD0020BD00F4007204D6 /* Assets.xcassets */,
				8954BD0220BD00F4007204D6 /* LaunchScreen.storyboard */,
				8954BD0520BD00F4007204D6 /* Info.plist */,
				8954BD0620BD00F4007204D6 /* main.m */,
			);
			path = "MBProgress+XL";
			sourceTree = "<group>";
		};
		8954BD0F20BD00F4007204D6 /* MBProgress+XLTests */ = {
			isa = PBXGroup;
			children = (
				8954BD1020BD00F4007204D6 /* MBProgress_XLTests.m */,
				8954BD1220BD00F4007204D6 /* Info.plist */,
			);
			path = "MBProgress+XLTests";
			sourceTree = "<group>";
		};
		8954BD1A20BD00F4007204D6 /* MBProgress+XLUITests */ = {
			isa = PBXGroup;
			children = (
				8954BD1B20BD00F4007204D6 /* MBProgress_XLUITests.m */,
				8954BD1D20BD00F4007204D6 /* Info.plist */,
			);
			path = "MBProgress+XLUITests";
			sourceTree = "<group>";
		};
		EC4847FBA6E3C9BE087CFF28 /* Frameworks */ = {
			isa = PBXGroup;
			children = (
				854892CE4E2E9E4AE547F5A0 /* libPods-MBProgress+XL.a */,
				6B530260F5105B2D2D1921E5 /* libPods-MBProgress+XLTests.a */,
				C6FC3351A66F8566195DC543 /* libPods-MBProgress+XLUITests.a */,
			);
			name = Frameworks;
			sourceTree = "<group>";
		};
/* End PBXGroup section */

/* Begin PBXNativeTarget section */
		8954BCF320BD00F3007204D6 /* MBProgress+XL */ = {
			isa = PBXNativeTarget;
			buildConfigurationList = 8954BD2020BD00F4007204D6 /* Build configuration list for PBXNativeTarget "MBProgress+XL" */;
			buildPhases = (
				50EC4F23DB6AB2B90250F39A /* [CP] Check Pods Manifest.lock */,
				8954BCF020BD00F3007204D6 /* Sources */,
				8954BCF120BD00F3007204D6 /* Frameworks */,
				8954BCF220BD00F3007204D6 /* Resources */,
			);
			buildRules = (
			);
			dependencies = (
			);
			name = "MBProgress+XL";
			productName = "MBProgress+XL";
			productReference = 8954BCF420BD00F3007204D6 /* MBProgress+XL.app */;
			productType = "com.apple.product-type.application";
		};
		8954BD0B20BD00F4007204D6 /* MBProgress+XLTests */ = {
			isa = PBXNativeTarget;
			buildConfigurationList = 8954BD2320BD00F4007204D6 /* Build configuration list for PBXNativeTarget "MBProgress+XLTests" */;
			buildPhases = (
				B341E5983B549EB630E31CE9 /* [CP] Check Pods Manifest.lock */,
				8954BD0820BD00F4007204D6 /* Sources */,
				8954BD0920BD00F4007204D6 /* Frameworks */,
				8954BD0A20BD00F4007204D6 /* Resources */,
			);
			buildRules = (
			);
			dependencies = (
				8954BD0E20BD00F4007204D6 /* PBXTargetDependency */,
			);
			name = "MBProgress+XLTests";
			productName = "MBProgress+XLTests";
			productReference = 8954BD0C20BD00F4007204D6 /* MBProgress+XLTests.xctest */;
			productType = "com.apple.product-type.bundle.unit-test";
		};
		8954BD1620BD00F4007204D6 /* MBProgress+XLUITests */ = {
			isa = PBXNativeTarget;
			buildConfigurationList = 8954BD2620BD00F4007204D6 /* Build configuration list for PBXNativeTarget "MBProgress+XLUITests" */;
			buildPhases = (
				0C787331DEF9DFA9A9D6F493 /* [CP] Check Pods Manifest.lock */,
				8954BD1320BD00F4007204D6 /* Sources */,
				8954BD1420BD00F4007204D6 /* Frameworks */,
				8954BD1520BD00F4007204D6 /* Resources */,
			);
			buildRules = (
			);
			dependencies = (
				8954BD1920BD00F4007204D6 /* PBXTargetDependency */,
			);
			name = "MBProgress+XLUITests";
			productName = "MBProgress+XLUITests";
			productReference = 8954BD1720BD00F4007204D6 /* MBProgress+XLUITests.xctest */;
			productType = "com.apple.product-type.bundle.ui-testing";
		};
/* End PBXNativeTarget section */

/* Begin PBXProject section */
		8954BCEC20BD00F3007204D6 /* Project object */ = {
			isa = PBXProject;
			attributes = {
				LastUpgradeCheck = 0930;
				ORGANIZATIONNAME = "路";
				TargetAttributes = {
					8954BCF320BD00F3007204D6 = {
						CreatedOnToolsVersion = 9.3;
					};
					8954BD0B20BD00F4007204D6 = {
						CreatedOnToolsVersion = 9.3;
						TestTargetID = 8954BCF320BD00F3007204D6;
					};
					8954BD1620BD00F4007204D6 = {
						CreatedOnToolsVersion = 9.3;
						TestTargetID = 8954BCF320BD00F3007204D6;
					};
				};
			};
			buildConfigurationList = 8954BCEF20BD00F3007204D6 /* Build configuration list for PBXProject "MBProgress+XL" */;
			compatibilityVersion = "Xcode 9.3";
			developmentRegion = en;
			hasScannedForEncodings = 0;
			knownRegions = (
				en,
				Base,
			);
			mainGroup = 8954BCEB20BD00F3007204D6;
			productRefGroup = 8954BCF520BD00F3007204D6 /* Products */;
			projectDirPath = "";
			projectRoot = "";
			targets = (
				8954BCF320BD00F3007204D6 /* MBProgress+XL */,
				8954BD0B20BD00F4007204D6 /* MBProgress+XLTests */,
				8954BD1620BD00F4007204D6 /* MBProgress+XLUITests */,
			);
		};
/* End PBXProject section */

/* Begin PBXResourcesBuildPhase section */
		8954BCF220BD00F3007204D6 /* Resources */ = {
			isa = PBXResourcesBuildPhase;
			buildActionMask = 2147483647;
			files = (
				8954BD0420BD00F4007204D6 /* LaunchScreen.storyboard in Resources */,
				8954BD0120BD00F4007204D6 /* Assets.xcassets in Resources */,
				8954BCFF20BD00F3007204D6 /* Main.storyboard in Resources */,
			);
			runOnlyForDeploymentPostprocessing = 0;
		};
		8954BD0A20BD00F4007204D6 /* Resources */ = {
			isa = PBXResourcesBuildPhase;
			buildActionMask = 2147483647;
			files = (
			);
			runOnlyForDeploymentPostprocessing = 0;
		};
		8954BD1520BD00F4007204D6 /* Resources */ = {
			isa = PBXResourcesBuildPhase;
			buildActionMask = 2147483647;
			files = (
			);
			runOnlyForDeploymentPostprocessing = 0;
		};
/* End PBXResourcesBuildPhase section */

/* Begin PBXShellScriptBuildPhase section */
		0C787331DEF9DFA9A9D6F493 /* [CP] Check Pods Manifest.lock */ = {
			isa = PBXShellScriptBuildPhase;
			buildActionMask = 2147483647;
			files = (
			);
			inputPaths = (
				"${PODS_PODFILE_DIR_PATH}/Podfile.lock",
				"${PODS_ROOT}/Manifest.lock",
			);
			name = "[CP] Check Pods Manifest.lock";
			outputPaths = (
				"$(DERIVED_FILE_DIR)/Pods-MBProgress+XLUITests-checkManifestLockResult.txt",
			);
			runOnlyForDeploymentPostprocessing = 0;
			shellPath = /bin/sh;
			shellScript = "diff \"${PODS_PODFILE_DIR_PATH}/Podfile.lock\" \"${PODS_ROOT}/Manifest.lock\" > /dev/null\nif [ $? != 0 ] ; then\n    # print error to STDERR\n    echo \"error: The sandbox is not in sync with the Podfile.lock. Run 'pod install' or update your CocoaPods installation.\" >&2\n    exit 1\nfi\n# This output is used by Xcode 'outputs' to avoid re-running this script phase.\necho \"SUCCESS\" > \"${SCRIPT_OUTPUT_FILE_0}\"\n";
			showEnvVarsInLog = 0;
		};
		50EC4F23DB6AB2B90250F39A /* [CP] Check Pods Manifest.lock */ = {
			isa = PBXShellScriptBuildPhase;
			buildActionMask = 2147483647;
			files = (
			);
			inputPaths = (
				"${PODS_PODFILE_DIR_PATH}/Podfile.lock",
				"${PODS_ROOT}/Manifest.lock",
			);
			name = "[CP] Check Pods Manifest.lock";
			outputPaths = (
				"$(DERIVED_FILE_DIR)/Pods-MBProgress+XL-checkManifestLockResult.txt",
			);
			runOnlyForDeploymentPostprocessing = 0;
			shellPath = /bin/sh;
			shellScript = "diff \"${PODS_PODFILE_DIR_PATH}/Podfile.lock\" \"${PODS_ROOT}/Manifest.lock\" > /dev/null\nif [ $? != 0 ] ; then\n    # print error to STDERR\n    echo \"error: The sandbox is not in sync with the Podfile.lock. Run 'pod install' or update your CocoaPods installation.\" >&2\n    exit 1\nfi\n# This output is used by Xcode 'outputs' to avoid re-running this script phase.\necho \"SUCCESS\" > \"${SCRIPT_OUTPUT_FILE_0}\"\n";
			showEnvVarsInLog = 0;
		};
		B341E5983B549EB630E31CE9 /* [CP] Check Pods Manifest.lock */ = {
			isa = PBXShellScriptBuildPhase;
			buildActionMask = 2147483647;
			files = (
			);
			inputPaths = (
				"${PODS_PODFILE_DIR_PATH}/Podfile.lock",
				"${PODS_ROOT}/Manifest.lock",
			);
			name = "[CP] Check Pods Manifest.lock";
			outputPaths = (
				"$(DERIVED_FILE_DIR)/Pods-MBProgress+XLTests-checkManifestLockResult.txt",
			);
			runOnlyForDeploymentPostprocessing = 0;
			shellPath = /bin/sh;
			shellScript = "diff \"${PODS_PODFILE_DIR_PATH}/Podfile.lock\" \"${PODS_ROOT}/Manifest.lock\" > /dev/null\nif [ $? != 0 ] ; then\n    # print error to STDERR\n    echo \"error: The sandbox is not in sync with the Podfile.lock. Run 'pod install' or update your CocoaPods installation.\" >&2\n    exit 1\nfi\n# This output is used by Xcode 'outputs' to avoid re-running this script phase.\necho \"SUCCESS\" > \"${SCRIPT_OUTPUT_FILE_0}\"\n";
			showEnvVarsInLog = 0;
		};
/* End PBXShellScriptBuildPhase section */

/* Begin PBXSourcesBuildPhase section */
		8954BCF020BD00F3007204D6 /* Sources */ = {
			isa = PBXSourcesBuildPhase;
			buildActionMask = 2147483647;
			files = (
				8954BD2E20BD0325007204D6 /* XLToast.m in Sources */,
				8954BD2B20BD030D007204D6 /* XLMBToast.m in Sources */,
				8954BCFC20BD00F3007204D6 /* ViewController.m in Sources */,
				8954BD3120BD05D3007204D6 /* MBProgressHUD+XL.m in Sources */,
				8954BD0720BD00F4007204D6 /* main.m in Sources */,
				8954BCF920BD00F3007204D6 /* AppDelegate.m in Sources */,
			);
			runOnlyForDeploymentPostprocessing = 0;
		};
		8954BD0820BD00F4007204D6 /* Sources */ = {
			isa = PBXSourcesBuildPhase;
			buildActionMask = 2147483647;
			files = (
				8954BD1120BD00F4007204D6 /* MBProgress_XLTests.m in Sources */,
			);
			runOnlyForDeploymentPostprocessing = 0;
		};
		8954BD1320BD00F4007204D6 /* Sources */ = {
			isa = PBXSourcesBuildPhase;
			buildActionMask = 2147483647;
			files = (
				8954BD1C20BD00F4007204D6 /* MBProgress_XLUITests.m in Sources */,
			);
			runOnlyForDeploymentPostprocessing = 0;
		};
/* End PBXSourcesBuildPhase section */

/* Begin PBXTargetDependency section */
		8954BD0E20BD00F4007204D6 /* PBXTargetDependency */ = {
			isa = PBXTargetDependency;
			target = 8954BCF320BD00F3007204D6 /* MBProgress+XL */;
			targetProxy = 8954BD0D20BD00F4007204D6 /* PBXContainerItemProxy */;
		};
		8954BD1920BD00F4007204D6 /* PBXTargetDependency */ = {
			isa = PBXTargetDependency;
			target = 8954BCF320BD00F3007204D6 /* MBProgress+XL */;
			targetProxy = 8954BD1820BD00F4007204D6 /* PBXContainerItemProxy */;
		};
/* End PBXTargetDependency section */

/* Begin PBXVariantGroup section */
		8954BCFD20BD00F3007204D6 /* Main.storyboard */ = {
			isa = PBXVariantGroup;
			children = (
				8954BCFE20BD00F3007204D6 /* Base */,
			);
			name = Main.storyboard;
			sourceTree = "<group>";
		};
		8954BD0220BD00F4007204D6 /* LaunchScreen.storyboard */ = {
			isa = PBXVariantGroup;
			children = (
				8954BD0320BD00F4007204D6 /* Base */,
			);
			name = LaunchScreen.storyboard;
			sourceTree = "<group>";
		};
/* End PBXVariantGroup section */

/* Begin XCBuildConfiguration section */
		8954BD1E20BD00F4007204D6 /* Debug */ = {
			isa = XCBuildConfiguration;
			buildSettings = {
				ALWAYS_SEARCH_USER_PATHS = NO;
				CLANG_ANALYZER_NONNULL = YES;
				CLANG_ANALYZER_NUMBER_OBJECT_CONVERSION = YES_AGGRESSIVE;
				CLANG_CXX_LANGUAGE_STANDARD = "gnu++14";
				CLANG_CXX_LIBRARY = "libc++";
				CLANG_ENABLE_MODULES = YES;
				CLANG_ENABLE_OBJC_ARC = YES;
				CLANG_ENABLE_OBJC_WEAK = YES;
				CLANG_WARN_BLOCK_CAPTURE_AUTORELEASING = YES;
				CLANG_WARN_BOOL_CONVERSION = YES;
				CLANG_WARN_COMMA = YES;
				CLANG_WARN_CONSTANT_CONVERSION = YES;
				CLANG_WARN_DEPRECATED_OBJC_IMPLEMENTATIONS = YES;
				CLANG_WARN_DIRECT_OBJC_ISA_USAGE = YES_ERROR;
				CLANG_WARN_DOCUMENTATION_COMMENTS = YES;
				CLANG_WARN_EMPTY_BODY = YES;
				CLANG_WARN_ENUM_CONVERSION = YES;
				CLANG_WARN_INFINITE_RECURSION = YES;
				CLANG_WARN_INT_CONVERSION = YES;
				CLANG_WARN_NON_LITERAL_NULL_CONVERSION = YES;
				CLANG_WARN_OBJC_IMPLICIT_RETAIN_SELF = YES;
				CLANG_WARN_OBJC_LITERAL_CONVERSION = YES;
				CLANG_WARN_OBJC_ROOT_CLASS = YES_ERROR;
				CLANG_WARN_RANGE_LOOP_ANALYSIS = YES;
				CLANG_WARN_STRICT_PROTOTYPES = YES;
				CLANG_WARN_SUSPICIOUS_MOVE = YES;
				CLANG_WARN_UNGUARDED_AVAILABILITY = YES_AGGRESSIVE;
				CLANG_WARN_UNREACHABLE_CODE = YES;
				CLANG_WARN__DUPLICATE_METHOD_MATCH = YES;
				CODE_SIGN_IDENTITY = "iPhone Developer";
				COPY_PHASE_STRIP = NO;
				DEBUG_INFORMATION_FORMAT = dwarf;
				ENABLE_STRICT_OBJC_MSGSEND = YES;
				ENABLE_TESTABILITY = YES;
				GCC_C_LANGUAGE_STANDARD = gnu11;
				GCC_DYNAMIC_NO_PIC = NO;
				GCC_NO_COMMON_BLOCKS = YES;
				GCC_OPTIMIZATION_LEVEL = 0;
				GCC_PREPROCESSOR_DEFINITIONS = (
					"DEBUG=1",
					"$(inherited)",
				);
				GCC_WARN_64_TO_32_BIT_CONVERSION = YES;
				GCC_WARN_ABOUT_RETURN_TYPE = YES_ERROR;
				GCC_WARN_UNDECLARED_SELECTOR = YES;
				GCC_WARN_UNINITIALIZED_AUTOS = YES_AGGRESSIVE;
				GCC_WARN_UNUSED_FUNCTION = YES;
				GCC_WARN_UNUSED_VARIABLE = YES;
				IPHONEOS_DEPLOYMENT_TARGET = 11.3;
				MTL_ENABLE_DEBUG_INFO = YES;
				ONLY_ACTIVE_ARCH = YES;
				SDKROOT = iphoneos;
			};
			name = Debug;
		};
		8954BD1F20BD00F4007204D6 /* Release */ = {
			isa = XCBuildConfiguration;
			buildSettings = {
				ALWAYS_SEARCH_USER_PATHS = NO;
				CLANG_ANALYZER_NONNULL = YES;
				CLANG_ANALYZER_NUMBER_OBJECT_CONVERSION = YES_AGGRESSIVE;
				CLANG_CXX_LANGUAGE_STANDARD = "gnu++14";
				CLANG_CXX_LIBRARY = "libc++";
				CLANG_ENABLE_MODULES = YES;
				CLANG_ENABLE_OBJC_ARC = YES;
				CLANG_ENABLE_OBJC_WEAK = YES;
				CLANG_WARN_BLOCK_CAPTURE_AUTORELEASING = YES;
				CLANG_WARN_BOOL_CONVERSION = YES;
				CLANG_WARN_COMMA = YES;
				CLANG_WARN_CONSTANT_CONVERSION = YES;
				CLANG_WARN_DEPRECATED_OBJC_IMPLEMENTATIONS = YES;
				CLANG_WARN_DIRECT_OBJC_ISA_USAGE = YES_ERROR;
				CLANG_WARN_DOCUMENTATION_COMMENTS = YES;
				CLANG_WARN_EMPTY_BODY = YES;
				CLANG_WARN_ENUM_CONVERSION = YES;
				CLANG_WARN_INFINITE_RECURSION = YES;
				CLANG_WARN_INT_CONVERSION = YES;
				CLANG_WARN_NON_LITERAL_NULL_CONVERSION = YES;
				CLANG_WARN_OBJC_IMPLICIT_RETAIN_SELF = YES;
				CLANG_WARN_OBJC_LITERAL_CONVERSION = YES;
				CLANG_WARN_OBJC_ROOT_CLASS = YES_ERROR;
				CLANG_WARN_RANGE_LOOP_ANALYSIS = YES;
				CLANG_WARN_STRICT_PROTOTYPES = YES;
				CLANG_WARN_SUSPICIOUS_MOVE = YES;
				CLANG_WARN_UNGUARDED_AVAILABILITY = YES_AGGRESSIVE;
				CLANG_WARN_UNREACHABLE_CODE = YES;
				CLANG_WARN__DUPLICATE_METHOD_MATCH = YES;
				CODE_SIGN_IDENTITY = "iPhone Developer";
				COPY_PHASE_STRIP = NO;
				DEBUG_INFORMATION_FORMAT = "dwarf-with-dsym";
				ENABLE_NS_ASSERTIONS = NO;
				ENABLE_STRICT_OBJC_MSGSEND = YES;
				GCC_C_LANGUAGE_STANDARD = gnu11;
				GCC_NO_COMMON_BLOCKS = YES;
				GCC_WARN_64_TO_32_BIT_CONVERSION = YES;
				GCC_WARN_ABOUT_RETURN_TYPE = YES_ERROR;
				GCC_WARN_UNDECLARED_SELECTOR = YES;
				GCC_WARN_UNINITIALIZED_AUTOS = YES_AGGRESSIVE;
				GCC_WARN_UNUSED_FUNCTION = YES;
				GCC_WARN_UNUSED_VARIABLE = YES;
				IPHONEOS_DEPLOYMENT_TARGET = 11.3;
				MTL_ENABLE_DEBUG_INFO = NO;
				SDKROOT = iphoneos;
				VALIDATE_PRODUCT = YES;
			};
			name = Release;
		};
		8954BD2120BD00F4007204D6 /* Debug */ = {
			isa = XCBuildConfiguration;
			baseConfigurationReference = 4E7E89D6BF763ABF85DD61C0 /* Pods-MBProgress+XL.debug.xcconfig */;
			buildSettings = {
				ASSETCATALOG_COMPILER_APPICON_NAME = AppIcon;
				CODE_SIGN_STYLE = Automatic;
				INFOPLIST_FILE = "MBProgress+XL/Info.plist";
				IPHONEOS_DEPLOYMENT_TARGET = 8.0;
				LD_RUNPATH_SEARCH_PATHS = (
					"$(inherited)",
					"@executable_path/Frameworks",
				);
				PRODUCT_BUNDLE_IDENTIFIER = "-.MBProgress-XL";
				PRODUCT_NAME = "$(TARGET_NAME)";
				TARGETED_DEVICE_FAMILY = "1,2";
			};
			name = Debug;
		};
		8954BD2220BD00F4007204D6 /* Release */ = {
			isa = XCBuildConfiguration;
			baseConfigurationReference = FEA5884FB5CAD4D600226493 /* Pods-MBProgress+XL.release.xcconfig */;
			buildSettings = {
				ASSETCATALOG_COMPILER_APPICON_NAME = AppIcon;
				CODE_SIGN_STYLE = Automatic;
				INFOPLIST_FILE = "MBProgress+XL/Info.plist";
				IPHONEOS_DEPLOYMENT_TARGET = 8.0;
				LD_RUNPATH_SEARCH_PATHS = (
					"$(inherited)",
					"@executable_path/Frameworks",
				);
				PRODUCT_BUNDLE_IDENTIFIER = "-.MBProgress-XL";
				PRODUCT_NAME = "$(TARGET_NAME)";
				TARGETED_DEVICE_FAMILY = "1,2";
			};
			name = Release;
		};
		8954BD2420BD00F4007204D6 /* Debug */ = {
			isa = XCBuildConfiguration;
			baseConfigurationReference = 0F6DFEED24151B8548EF4699 /* Pods-MBProgress+XLTests.debug.xcconfig */;
			buildSettings = {
				BUNDLE_LOADER = "$(TEST_HOST)";
				CODE_SIGN_STYLE = Automatic;
				INFOPLIST_FILE = "MBProgress+XLTests/Info.plist";
				LD_RUNPATH_SEARCH_PATHS = (
					"$(inherited)",
					"@executable_path/Frameworks",
					"@loader_path/Frameworks",
				);
				PRODUCT_BUNDLE_IDENTIFIER = "-.MBProgress-XLTests";
				PRODUCT_NAME = "$(TARGET_NAME)";
				TARGETED_DEVICE_FAMILY = "1,2";
				TEST_HOST = "$(BUILT_PRODUCTS_DIR)/MBProgress+XL.app/MBProgress+XL";
			};
			name = Debug;
		};
		8954BD2520BD00F4007204D6 /* Release */ = {
			isa = XCBuildConfiguration;
			baseConfigurationReference = 6205E256055C1ACB1E03CC3A /* Pods-MBProgress+XLTests.release.xcconfig */;
			buildSettings = {
				BUNDLE_LOADER = "$(TEST_HOST)";
				CODE_SIGN_STYLE = Automatic;
				INFOPLIST_FILE = "MBProgress+XLTests/Info.plist";
				LD_RUNPATH_SEARCH_PATHS = (
					"$(inherited)",
					"@executable_path/Frameworks",
					"@loader_path/Frameworks",
				);
				PRODUCT_BUNDLE_IDENTIFIER = "-.MBProgress-XLTests";
				PRODUCT_NAME = "$(TARGET_NAME)";
				TARGETED_DEVICE_FAMILY = "1,2";
				TEST_HOST = "$(BUILT_PRODUCTS_DIR)/MBProgress+XL.app/MBProgress+XL";
			};
			name = Release;
		};
		8954BD2720BD00F4007204D6 /* Debug */ = {
			isa = XCBuildConfiguration;
			baseConfigurationReference = B6F06074B2A7EBB255968C8A /* Pods-MBProgress+XLUITests.debug.xcconfig */;
			buildSettings = {
				CODE_SIGN_STYLE = Automatic;
				INFOPLIST_FILE = "MBProgress+XLUITests/Info.plist";
				LD_RUNPATH_SEARCH_PATHS = (
					"$(inherited)",
					"@executable_path/Frameworks",
					"@loader_path/Frameworks",
				);
				PRODUCT_BUNDLE_IDENTIFIER = "-.MBProgress-XLUITests";
				PRODUCT_NAME = "$(TARGET_NAME)";
				TARGETED_DEVICE_FAMILY = "1,2";
				TEST_TARGET_NAME = "MBProgress+XL";
			};
			name = Debug;
		};
		8954BD2820BD00F4007204D6 /* Release */ = {
			isa = XCBuildConfiguration;
			baseConfigurationReference = 2D87689860F6881E48EE2037 /* Pods-MBProgress+XLUITests.release.xcconfig */;
			buildSettings = {
				CODE_SIGN_STYLE = Automatic;
				INFOPLIST_FILE = "MBProgress+XLUITests/Info.plist";
				LD_RUNPATH_SEARCH_PATHS = (
					"$(inherited)",
					"@executable_path/Frameworks",
					"@loader_path/Frameworks",
				);
				PRODUCT_BUNDLE_IDENTIFIER = "-.MBProgress-XLUITests";
				PRODUCT_NAME = "$(TARGET_NAME)";
				TARGETED_DEVICE_FAMILY = "1,2";
				TEST_TARGET_NAME = "MBProgress+XL";
			};
			name = Release;
		};
/* End XCBuildConfiguration section */

/* Begin XCConfigurationList section */
		8954BCEF20BD00F3007204D6 /* Build configuration list for PBXProject "MBProgress+XL" */ = {
			isa = XCConfigurationList;
			buildConfigurations = (
				8954BD1E20BD00F4007204D6 /* Debug */,
				8954BD1F20BD00F4007204D6 /* Release */,
			);
			defaultConfigurationIsVisible = 0;
			defaultConfigurationName = Release;
		};
		8954BD2020BD00F4007204D6 /* Build configuration list for PBXNativeTarget "MBProgress+XL" */ = {
			isa = XCConfigurationList;
			buildConfigurations = (
				8954BD2120BD00F4007204D6 /* Debug */,
				8954BD2220BD00F4007204D6 /* Release */,
			);
			defaultConfigurationIsVisible = 0;
			defaultConfigurationName = Release;
		};
		8954BD2320BD00F4007204D6 /* Build configuration list for PBXNativeTarget "MBProgress+XLTests" */ = {
			isa = XCConfigurationList;
			buildConfigurations = (
				8954BD2420BD00F4007204D6 /* Debug */,
				8954BD2520BD00F4007204D6 /* Release */,
			);
			defaultConfigurationIsVisible = 0;
			defaultConfigurationName = Release;
		};
		8954BD2620BD00F4007204D6 /* Build configuration list for PBXNativeTarget "MBProgress+XLUITests" */ = {
			isa = XCConfigurationList;
			buildConfigurations = (
				8954BD2720BD00F4007204D6 /* Debug */,
				8954BD2820BD00F4007204D6 /* Release */,
			);
			defaultConfigurationIsVisible = 0;
			defaultConfigurationName = Release;
		};
/* End XCConfigurationList section */
	};
	rootObject = 8954BCEC20BD00F3007204D6 /* Project object */;
}
